
Microsoft Visual Studio Solution File, Format Version 12.00
# Visual Studio Version 17
VisualStudioVersion = 17.5.002.0
MinimumVisualStudioVersion = 10.0.40219.1
Project("{9A19103F-16F7-4668-BE54-9A1E7A4F7556}") = "MyStandardLibrary", "MyStandardLibrary\MyStandardLibrary.csproj", "{1F441E7B-62C4-4E7D-A186-1E0A2EC9823E}"
EndProject
Global
	GlobalSection(SolutionConfigurationPlatforms) = preSolution
		Debug|Any CPU = Debug|Any CPU
		Release|Any CPU = Release|Any CPU
	EndGlobalSection
	GlobalSection(ProjectConfigurationPlatforms) = postSolution
		{1F441E7B-62C4-4E7D-A186-1E0A2EC9823E}.Debug|Any CPU.ActiveCfg = Debug|Any CPU
		{1F441E7B-62C4-4E7D-A186-1E0A2EC9823E}.Debug|Any CPU.Build.0 = Debug|Any CPU
		{1F441E7B-62C4-4E7D-A186-1E0A2EC9823E}.Release|Any CPU.ActiveCfg = Release|Any CPU
		{1F441E7B-62C4-4E7D-A186-1E0A2EC9823E}.Release|Any CPU.Build.0 = Release|Any CPU
	EndGlobalSection
	GlobalSection(SolutionProperties) = preSolution
		HideSolutionNode = FALSE
	EndGlobalSection
	GlobalSection(ExtensibilityGlobals) = postSolution
		SolutionGuid = {D24B9CD8-250E-4D2B-BBE1-3736BE2DC338}
	EndGlobalSection
EndGlobal
